// !$*UTF8*$!
{
	archiveVersion = 1;
	classes = {
	};
	objectVersion = 55;
	objects = {

/* Begin PBXBuildFile section */
		C4B6C5AD27CE29670050B690 /* AppDelegate.swift in Sources */ = {isa = PBXBuildFile; fileRef = C4B6C5AC27CE29670050B690 /* AppDelegate.swift */; };
		C4B6C5B127CE29670050B690 /* ViewController.swift in Sources */ = {isa = PBXBuildFile; fileRef = C4B6C5B027CE29670050B690 /* ViewController.swift */; };
		C4B6C5B627CE29690050B690 /* Assets.xcassets in Resources */ = {isa = PBXBuildFile; fileRef = C4B6C5B527CE29690050B690 /* Assets.xcassets */; };
		C4B6C5B927CE29690050B690 /* LaunchScreen.storyboard in Resources */ = {isa = PBXBuildFile; fileRef = C4B6C5B727CE29690050B690 /* LaunchScreen.storyboard */; };
		C4B6C5C327CE2E500050B690 /* GoogleService-Info.plist in Resources */ = {isa = PBXBuildFile; fileRef = C4B6C5C227CE2E500050B690 /* GoogleService-Info.plist */; };
		C4B6C5C527CE34520050B690 /* EntryViewController.swift in Sources */ = {isa = PBXBuildFile; fileRef = C4B6C5C427CE34520050B690 /* EntryViewController.swift */; };
		C4B6C5C727CE346E0050B690 /* SignUpViewController.swift in Sources */ = {isa = PBXBuildFile; fileRef = C4B6C5C627CE346E0050B690 /* SignUpViewController.swift */; };
		C4B6C5C927CE347E0050B690 /* SignInViewController.swift in Sources */ = {isa = PBXBuildFile; fileRef = C4B6C5C827CE347E0050B690 /* SignInViewController.swift */; };
		D47FD282FF482ECF708C01E1 /* Pods_FireAuth.framework in Frameworks */ = {isa = PBXBuildFile; fileRef = C603D19D6B0E3801D0B7A4EE /* Pods_FireAuth.framework */; };
/* End PBXBuildFile section */

/* Begin PBXFileReference section */
		AB97330229800701B02E3F50 /* Pods-FireAuth.debug.xcconfig */ = {isa = PBXFileReference; includeInIndex = 1; lastKnownFileType = text.xcconfig; name = "Pods-FireAuth.debug.xcconfig"; path = "Target Support Files/Pods-FireAuth/Pods-FireAuth.debug.xcconfig"; sourceTree = "<group>"; };
		C4B6C5A927CE29670050B690 /* FireAuth.app */ = {isa = PBXFileReference; explicitFileType = wrapper.application; includeInIndex = 0; path = FireAuth.app; sourceTree = BUILT_PRODUCTS_DIR; };
		C4B6C5AC27CE29670050B690 /* AppDelegate.swift */ = {isa = PBXFileReference; lastKnownFileType = sourcecode.swift; path = AppDelegate.swift; sourceTree = "<group>"; };
		C4B6C5B027CE29670050B690 /* ViewController.swift */ = {isa = PBXFileReference; lastKnownFileType = sourcecode.swift; path = ViewController.swift; sourceTree = "<group>"; };
		C4B6C5B527CE29690050B690 /* Assets.xcassets */ = {isa = PBXFileReference; lastKnownFileType = folder.assetcatalog; path = Assets.xcassets; sourceTree = "<group>"; };
		C4B6C5B827CE29690050B690 /* Base */ = {isa = PBXFileReference; lastKnownFileType = file.storyboard; name = Base; path = Base.lproj/LaunchScreen.storyboard; sourceTree = "<group>"; };
		C4B6C5BA27CE29690050B690 /* Info.plist */ = {isa = PBXFileReference; lastKnownFileType = text.plist.xml; path = Info.plist; sourceTree = "<group>"; };
		C4B6C5C227CE2E500050B690 /* GoogleService-Info.plist */ = {isa = PBXFileReference; fileEncoding = 4; lastKnownFileType = text.plist.xml; path = "GoogleService-Info.plist"; sourceTree = "<group>"; };
		C4B6C5C427CE34520050B690 /* EntryViewController.swift */ = {isa = PBXFileReference; lastKnownFileType = sourcecode.swift; path = EntryViewController.swift; sourceTree = "<group>"; };
		C4B6C5C627CE346E0050B690 /* SignUpViewController.swift */ = {isa = PBXFileReference; lastKnownFileType = sourcecode.swift; path = SignUpViewController.swift; sourceTree = "<group>"; };
		C4B6C5C827CE347E0050B690 /* SignInViewController.swift */ = {isa = PBXFileReference; lastKnownFileType = sourcecode.swift; path = SignInViewController.swift; sourceTree = "<group>"; };
		C603D19D6B0E3801D0B7A4EE /* Pods_FireAuth.framework */ = {isa = PBXFileReference; explicitFileType = wrapper.framework; includeInIndex = 0; path = Pods_FireAuth.framework; sourceTree = BUILT_PRODUCTS_DIR; };
		F7DC645128E2EB198492DE23 /* Pods-FireAuth.release.xcconfig */ = {isa = PBXFileReference; includeInIndex = 1; lastKnownFileType = text.xcconfig; name = "Pods-FireAuth.release.xcconfig"; path = "Target Support Files/Pods-FireAuth/Pods-FireAuth.release.xcconfig"; sourceTree = "<group>"; };
/* End PBXFileReference section */

/* Begin PBXFrameworksBuildPhase section */
		C4B6C5A627CE29670050B690 /* Frameworks */ = {
			isa = PBXFrameworksBuildPhase;
			buildActionMask = 2147483647;
			files = (
				D47FD282FF482ECF708C01E1 /* Pods_FireAuth.framework in Frameworks */,
			);
			runOnlyForDeploymentPostprocessing = 0;
		};
/* End PBXFrameworksBuildPhase section */

/* Begin PBXGroup section */
		9854FD3819C7F9AB9786F2F2 /* Frameworks */ = {
			isa = PBXGroup;
			children = (
				C603D19D6B0E3801D0B7A4EE /* Pods_FireAuth.framework */,
			);
			name = Frameworks;
			sourceTree = "<group>";
		};
		C4B6C5A027CE29670050B690 = {
			isa = PBXGroup;
			children = (
				C4B6C5AB27CE29670050B690 /* FireAuth */,
				C4B6C5AA27CE29670050B690 /* Products */,
				D16C395C47BF1F9006970E55 /* Pods */,
				9854FD3819C7F9AB9786F2F2 /* Frameworks */,
			);
			sourceTree = "<group>";
		};
		C4B6C5AA27CE29670050B690 /* Products */ = {
			isa = PBXGroup;
			children = (
				C4B6C5A927CE29670050B690 /* FireAuth.app */,
			);
			name = Products;
			sourceTree = "<group>";
		};
		C4B6C5AB27CE29670050B690 /* FireAuth */ = {
			isa = PBXGroup;
			children = (
				C4B6C5AC27CE29670050B690 /* AppDelegate.swift */,
				C4B6C5C427CE34520050B690 /* EntryViewController.swift */,
				C4B6C5C627CE346E0050B690 /* SignUpViewController.swift */,
				C4B6C5C827CE347E0050B690 /* SignInViewController.swift */,
				C4B6C5B027CE29670050B690 /* ViewController.swift */,
				C4B6C5B527CE29690050B690 /* Assets.xcassets */,
				C4B6C5B727CE29690050B690 /* LaunchScreen.storyboard */,
				C4B6C5BA27CE29690050B690 /* Info.plist */,
				C4B6C5C227CE2E500050B690 /* GoogleService-Info.plist */,
			);
			path = FireAuth;
			sourceTree = "<group>";
		};
		D16C395C47BF1F9006970E55 /* Pods */ = {
			isa = PBXGroup;
			children = (
				AB97330229800701B02E3F50 /* Pods-FireAuth.debug.xcconfig */,
				F7DC645128E2EB198492DE23 /* Pods-FireAuth.release.xcconfig */,
			);
			path = Pods;
			sourceTree = "<group>";
		};
/* End PBXGroup section */

/* Begin PBXNativeTarget section */
		C4B6C5A827CE29670050B690 /* FireAuth */ = {
			isa = PBXNativeTarget;
			buildConfigurationList = C4B6C5BD27CE29690050B690 /* Build configuration list for PBXNativeTarget "FireAuth" */;
			buildPhases = (
				9A942913818C9E38AA889A3D /* [CP] Check Pods Manifest.lock */,
				C4B6C5A527CE29670050B690 /* Sources */,
				C4B6C5A627CE29670050B690 /* Frameworks */,
				C4B6C5A727CE29670050B690 /* Resources */,
				A7EA713F89B764F61738E1C4 /* [CP] Embed Pods Frameworks */,
			);
			buildRules = (
			);
			dependencies = (
			);
			name = FireAuth;
			productName = FireAuth;
			productReference = C4B6C5A927CE29670050B690 /* FireAuth.app */;
			productType = "com.apple.product-type.application";
		};
/* End PBXNativeTarget section */

/* Begin PBXProject section */
		C4B6C5A127CE29670050B690 /* Project object */ = {
			isa = PBXProject;
			attributes = {
				BuildIndependentTargetsInParallel = 1;
				LastSwiftUpdateCheck = 1320;
				LastUpgradeCheck = 1320;
				TargetAttributes = {
					C4B6C5A827CE29670050B690 = {
						CreatedOnToolsVersion = 13.2.1;
					};
				};
			};
			buildConfigurationList = C4B6C5A427CE29670050B690 /* Build configuration list for PBXProject "FireAuth" */;
			compatibilityVersion = "Xcode 13.0";
			developmentRegion = en;
			hasScannedForEncodings = 0;
			knownRegions = (
				en,
				Base,
			);
			mainGroup = C4B6C5A027CE29670050B690;
			productRefGroup = C4B6C5AA27CE29670050B690 /* Products */;
			projectDirPath = "";
			projectRoot = "";
			targets = (
				C4B6C5A827CE29670050B690 /* FireAuth */,
			);
		};
/* End PBXProject section */

/* Begin PBXResourcesBuildPhase section */
		C4B6C5A727CE29670050B690 /* Resources */ = {
			isa = PBXResourcesBuildPhase;
			buildActionMask = 2147483647;
			files = (
				C4B6C5B927CE29690050B690 /* LaunchScreen.storyboard in Resources */,
				C4B6C5B627CE29690050B690 /* Assets.xcassets in Resources */,
				C4B6C5C327CE2E500050B690 /* GoogleService-Info.plist in Resources */,
			);
			runOnlyForDeploymentPostprocessing = 0;
		};
/* End PBXResourcesBuildPhase section */

/* Begin PBXShellScriptBuildPhase section */
		9A942913818C9E38AA889A3D /* [CP] Check Pods Manifest.lock */ = {
			isa = PBXShellScriptBuildPhase;
			buildActionMask = 2147483647;
			files = (
			);
			inputFileListPaths = (
			);
			inputPaths = (
				"${PODS_PODFILE_DIR_PATH}/Podfile.lock",
				"${PODS_ROOT}/Manifest.lock",
			);
			name = "[CP] Check Pods Manifest.lock";
			outputFileListPaths = (
			);
			outputPaths = (
				"$(DERIVED_FILE_DIR)/Pods-FireAuth-checkManifestLockResult.txt",
			);
			runOnlyForDeploymentPostprocessing = 0;
			shellPath = /bin/sh;
			shellScript = "diff \"${PODS_PODFILE_DIR_PATH}/Podfile.lock\" \"${PODS_ROOT}/Manifest.lock\" > /dev/null\nif [ $? != 0 ] ; then\n    # print error to STDERR\n    echo \"error: The sandbox is not in sync with the Podfile.lock. Run 'pod install' or update your CocoaPods installation.\" >&2\n    exit 1\nfi\n# This output is used by Xcode 'outputs' to avoid re-running this script phase.\necho \"SUCCESS\" > \"${SCRIPT_OUTPUT_FILE_0}\"\n";
			showEnvVarsInLog = 0;
		};
		A7EA713F89B764F61738E1C4 /* [CP] Embed Pods Frameworks */ = {
			isa = PBXShellScriptBuildPhase;
			buildActionMask = 2147483647;
			files = (
			);
			inputFileListPaths = (
				"${PODS_ROOT}/Target Support Files/Pods-FireAuth/Pods-FireAuth-frameworks-${CONFIGURATION}-input-files.xcfilelist",
			);
			name = "[CP] Embed Pods Frameworks";
			outputFileListPaths = (
				"${PODS_ROOT}/Target Support Files/Pods-FireAuth/Pods-FireAuth-frameworks-${CONFIGURATION}-output-files.xcfilelist",
			);
			runOnlyForDeploymentPostprocessing = 0;
			shellPath = /bin/sh;
			shellScript = "\"${PODS_ROOT}/Target Support Files/Pods-FireAuth/Pods-FireAuth-frameworks.sh\"\n";
			showEnvVarsInLog = 0;
		};
/* End PBXShellScriptBuildPhase section */

/* Begin PBXSourcesBuildPhase section */
		C4B6C5A527CE29670050B690 /* Sources */ = {
			isa = PBXSourcesBuildPhase;
			buildActionMask = 2147483647;
			files = (
				C4B6C5B127CE29670050B690 /* ViewController.swift in Sources */,
				C4B6C5AD27CE29670050B690 /* AppDelegate.swift in Sources */,
				C4B6C5C727CE346E0050B690 /* SignUpViewController.swift in Sources */,
				C4B6C5C927CE347E0050B690 /* SignInViewController.swift in Sources */,
				C4B6C5C527CE34520050B690 /* EntryViewController.swift in Sources */,
			);
			runOnlyForDeploymentPostprocessing = 0;
		};
/* End PBXSourcesBuildPhase section */

/* Begin PBXVariantGroup section */
		C4B6C5B727CE29690050B690 /* LaunchScreen.storyboard */ = {
			isa = PBXVariantGroup;
			children = (
				C4B6C5B827CE29690050B690 /* Base */,
			);
			name = LaunchScreen.storyboard;
			sourceTree = "<group>";
		};
/* End PBXVariantGroup section */

/* Begin XCBuildConfiguration section */
		C4B6C5BB27CE29690050B690 /* Debug */ = {
			isa = XCBuildConfiguration;
			buildSettings = {
				ALWAYS_SEARCH_USER_PATHS = NO;
				CLANG_ANALYZER_NONNULL = YES;
				CLANG_ANALYZER_NUMBER_OBJECT_CONVERSION = YES_AGGRESSIVE;
				CLANG_CXX_LANGUAGE_STANDARD = "gnu++17";
				CLANG_CXX_LIBRARY = "libc++";
				CLANG_ENABLE_MODULES = YES;
				CLANG_ENABLE_OBJC_ARC = YES;
				CLANG_ENABLE_OBJC_WEAK = YES;
				CLANG_WARN_BLOCK_CAPTURE_AUTORELEASING = YES;
				CLANG_WARN_BOOL_CONVERSION = YES;
				CLANG_WARN_COMMA = YES;
				CLANG_WARN_CONSTANT_CONVERSION = YES;
				CLANG_WARN_DEPRECATED_OBJC_IMPLEMENTATIONS = YES;
				CLANG_WARN_DIRECT_OBJC_ISA_USAGE = YES_ERROR;
				CLANG_WARN_DOCUMENTATION_COMMENTS = YES;
				CLANG_WARN_EMPTY_BODY = YES;
				CLANG_WARN_ENUM_CONVERSION = YES;
				CLANG_WARN_INFINITE_RECURSION = YES;
				CLANG_WARN_INT_CONVERSION = YES;
				CLANG_WARN_NON_LITERAL_NULL_CONVERSION = YES;
				CLANG_WARN_OBJC_IMPLICIT_RETAIN_SELF = YES;
				CLANG_WARN_OBJC_LITERAL_CONVERSION = YES;
				CLANG_WARN_OBJC_ROOT_CLASS = YES_ERROR;
				CLANG_WARN_QUOTED_INCLUDE_IN_FRAMEWORK_HEADER = YES;
				CLANG_WARN_RANGE_LOOP_ANALYSIS = YES;
				CLANG_WARN_STRICT_PROTOTYPES = YES;
				CLANG_WARN_SUSPICIOUS_MOVE = YES;
				CLANG_WARN_UNGUARDED_AVAILABILITY = YES_AGGRESSIVE;
				CLANG_WARN_UNREACHABLE_CODE = YES;
				CLANG_WARN__DUPLICATE_METHOD_MATCH = YES;
				COPY_PHASE_STRIP = NO;
				DEBUG_INFORMATION_FORMAT = dwarf;
				ENABLE_STRICT_OBJC_MSGSEND = YES;
				ENABLE_TESTABILITY = YES;
				GCC_C_LANGUAGE_STANDARD = gnu11;
				GCC_DYNAMIC_NO_PIC = NO;
				GCC_NO_COMMON_BLOCKS = YES;
				GCC_OPTIMIZATION_LEVEL = 0;
				GCC_PREPROCESSOR_DEFINITIONS = (
					"DEBUG=1",
					"$(inherited)",
				);
				GCC_WARN_64_TO_32_BIT_CONVERSION = YES;
				GCC_WARN_ABOUT_RETURN_TYPE = YES_ERROR;
				GCC_WARN_UNDECLARED_SELECTOR = YES;
				GCC_WARN_UNINITIALIZED_AUTOS = YES_AGGRESSIVE;
				GCC_WARN_UNUSED_FUNCTION = YES;
				GCC_WARN_UNUSED_VARIABLE = YES;
				IPHONEOS_DEPLOYMENT_TARGET = 15.2;
				MTL_ENABLE_DEBUG_INFO = INCLUDE_SOURCE;
				MTL_FAST_MATH = YES;
				ONLY_ACTIVE_ARCH = YES;
				SDKROOT = iphoneos;
				SWIFT_ACTIVE_COMPILATION_CONDITIONS = DEBUG;
				SWIFT_OPTIMIZATION_LEVEL = "-Onone";
			};
			name = Debug;
		};
		C4B6C5BC27CE29690050B690 /* Release */ = {
			isa = XCBuildConfiguration;
			buildSettings = {
				ALWAYS_SEARCH_USER_PATHS = NO;
				CLANG_ANALYZER_NONNULL = YES;
				CLANG_ANALYZER_NUMBER_OBJECT_CONVERSION = YES_AGGRESSIVE;
				CLANG_CXX_LANGUAGE_STANDARD = "gnu++17";
				CLANG_CXX_LIBRARY = "libc++";
				CLANG_ENABLE_MODULES = YES;
				CLANG_ENABLE_OBJC_ARC = YES;
				CLANG_ENABLE_OBJC_WEAK = YES;
				CLANG_WARN_BLOCK_CAPTURE_AUTORELEASING = YES;
				CLANG_WARN_BOOL_CONVERSION = YES;
				CLANG_WARN_COMMA = YES;
				CLANG_WARN_CONSTANT_CONVERSION = YES;
				CLANG_WARN_DEPRECATED_OBJC_IMPLEMENTATIONS = YES;
				CLANG_WARN_DIRECT_OBJC_ISA_USAGE = YES_ERROR;
				CLANG_WARN_DOCUMENTATION_COMMENTS = YES;
				CLANG_WARN_EMPTY_BODY = YES;
				CLANG_WARN_ENUM_CONVERSION = YES;
				CLANG_WARN_INFINITE_RECURSION = YES;
				CLANG_WARN_INT_CONVERSION = YES;
				CLANG_WARN_NON_LITERAL_NULL_CONVERSION = YES;
				CLANG_WARN_OBJC_IMPLICIT_RETAIN_SELF = YES;
				CLANG_WARN_OBJC_LITERAL_CONVERSION = YES;
				CLANG_WARN_OBJC_ROOT_CLASS = YES_ERROR;
				CLANG_WARN_QUOTED_INCLUDE_IN_FRAMEWORK_HEADER = YES;
				CLANG_WARN_RANGE_LOOP_ANALYSIS = YES;
				CLANG_WARN_STRICT_PROTOTYPES = YES;
				CLANG_WARN_SUSPICIOUS_MOVE = YES;
				CLANG_WARN_UNGUARDED_AVAILABILITY = YES_AGGRESSIVE;
				CLANG_WARN_UNREACHABLE_CODE = YES;
				CLANG_WARN__DUPLICATE_METHOD_MATCH = YES;
				COPY_PHASE_STRIP = NO;
				DEBUG_INFORMATION_FORMAT = "dwarf-with-dsym";
				ENABLE_NS_ASSERTIONS = NO;
				ENABLE_STRICT_OBJC_MSGSEND = YES;
				GCC_C_LANGUAGE_STANDARD = gnu11;
				GCC_NO_COMMON_BLOCKS = YES;
				GCC_WARN_64_TO_32_BIT_CONVERSION = YES;
				GCC_WARN_ABOUT_RETURN_TYPE = YES_ERROR;
				GCC_WARN_UNDECLARED_SELECTOR = YES;
				GCC_WARN_UNINITIALIZED_AUTOS = YES_AGGRESSIVE;
				GCC_WARN_UNUSED_FUNCTION = YES;
				GCC_WARN_UNUSED_VARIABLE = YES;
				IPHONEOS_DEPLOYMENT_TARGET = 15.2;
				MTL_ENABLE_DEBUG_INFO = NO;
				MTL_FAST_MATH = YES;
				SDKROOT = iphoneos;
				SWIFT_COMPILATION_MODE = wholemodule;
				SWIFT_OPTIMIZATION_LEVEL = "-O";
				VALIDATE_PRODUCT = YES;
			};
			name = Release;
		};
		C4B6C5BE27CE29690050B690 /* Debug */ = {
			isa = XCBuildConfiguration;
			baseConfigurationReference = AB97330229800701B02E3F50 /* Pods-FireAuth.debug.xcconfig */;
			buildSettings = {
				ASSETCATALOG_COMPILER_APPICON_NAME = AppIcon;
				ASSETCATALOG_COMPILER_GLOBAL_ACCENT_COLOR_NAME = AccentColor;
				CODE_SIGN_STYLE = Automatic;
				CURRENT_PROJECT_VERSION = 1;
				GENERATE_INFOPLIST_FILE = YES;
				INFOPLIST_FILE = FireAuth/Info.plist;
				INFOPLIST_KEY_UIApplicationSupportsIndirectInputEvents = YES;
				INFOPLIST_KEY_UILaunchStoryboardName = LaunchScreen;
				INFOPLIST_KEY_UISupportedInterfaceOrientations_iPad = "UIInterfaceOrientationPortrait UIInterfaceOrientationPortraitUpsideDown UIInterfaceOrientationLandscapeLeft UIInterfaceOrientationLandscapeRight";
				INFOPLIST_KEY_UISupportedInterfaceOrientations_iPhone = "UIInterfaceOrientationPortrait UIInterfaceOrientationLandscapeLeft UIInterfaceOrientationLandscapeRight";
				LD_RUNPATH_SEARCH_PATHS = (
					"$(inherited)",
					"@executable_path/Frameworks",
				);
				MARKETING_VERSION = 1.0;
				PRODUCT_BUNDLE_IDENTIFIER = com.navaneethan.g.FireAuth;
				PRODUCT_NAME = "$(TARGET_NAME)";
				SWIFT_EMIT_LOC_STRINGS = YES;
				SWIFT_VERSION = 5.0;
				TARGETED_DEVICE_FAMILY = "1,2";
			};
			name = Debug;
		};
		C4B6C5BF27CE29690050B690 /* Release */ = {
			isa = XCBuildConfiguration;
			baseConfigurationReference = F7DC645128E2EB198492DE23 /* Pods-FireAuth.release.xcconfig */;
			buildSettings = {
				ASSETCATALOG_COMPILER_APPICON_NAME = AppIcon;
				ASSETCATALOG_COMPILER_GLOBAL_ACCENT_COLOR_NAME = AccentColor;
				CODE_SIGN_STYLE = Automatic;
				CURRENT_PROJECT_VERSION = 1;
				GENERATE_INFOPLIST_FILE = YES;
				INFOPLIST_FILE = FireAuth/Info.plist;
				INFOPLIST_KEY_UIApplicationSupportsIndirectInputEvents = YES;
				INFOPLIST_KEY_UILaunchStoryboardName = LaunchScreen;
				INFOPLIST_KEY_UISupportedInterfaceOrientations_iPad = "UIInterfaceOrientationPortrait UIInterfaceOrientationPortraitUpsideDown UIInterfaceOrientationLandscapeLeft UIInterfaceOrientationLandscapeRight";
				INFOPLIST_KEY_UISupportedInterfaceOrientations_iPhone = "UIInterfaceOrientationPortrait UIInterfaceOrientationLandscapeLeft UIInterfaceOrientationLandscapeRight";
				LD_RUNPATH_SEARCH_PATHS = (
					"$(inherited)",
					"@executable_path/Frameworks",
				);
				MARKETING_VERSION = 1.0;
				PRODUCT_BUNDLE_IDENTIFIER = com.navaneethan.g.FireAuth;
				PRODUCT_NAME = "$(TARGET_NAME)";
				SWIFT_EMIT_LOC_STRINGS = YES;
				SWIFT_VERSION = 5.0;
				TARGETED_DEVICE_FAMILY = "1,2";
			};
			name = Release;
		};
/* End XCBuildConfiguration section */

/* Begin XCConfigurationList section */
		C4B6C5A427CE29670050B690 /* Build configuration list for PBXProject "FireAuth" */ = {
			isa = XCConfigurationList;
			buildConfigurations = (
				C4B6C5BB27CE29690050B690 /* Debug */,
				C4B6C5BC27CE29690050B690 /* Release */,
			);
			defaultConfigurationIsVisible = 0;
			defaultConfigurationName = Release;
		};
		C4B6C5BD27CE29690050B690 /* Build configuration list for PBXNativeTarget "FireAuth" */ = {
			isa = XCConfigurationList;
			buildConfigurations = (
				C4B6C5BE27CE29690050B690 /* Debug */,
				C4B6C5BF27CE29690050B690 /* Release */,
			);
			defaultConfigurationIsVisible = 0;
			defaultConfigurationName = Release;
		};
/* End XCConfigurationList section */
	};
	rootObject = C4B6C5A127CE29670050B690 /* Project object */;
}
